
Microsoft Visual Studio Solution File, Format Version 12.00
# Visual Studio Version 17
VisualStudioVersion = 17.1.32228.430
MinimumVisualStudioVersion = 10.0.40219.1
Project("{FAE04EC0-301F-11D3-BF4B-00C04F79EFBC}") = "Monstarlab.Extensions", "Monstarlab.Extensions\Monstarlab.Extensions.csproj", "{ACA39226-5F0A-4D50-9E07-D62DD5AC4F46}"
EndProject
Project("{FAE04EC0-301F-11D3-BF4B-00C04F79EFBC}") = "Monstarlab.Extensions.Tests", "Monstarlab.Extensions.Tests\Monstarlab.Extensions.Tests.csproj", "{48CE2026-7104-4F4D-9697-CAFA6C473D40}"
EndProject
Project("{FAE04EC0-301F-11D3-BF4B-00C04F79EFBC}") = "Monstarlab.Web.Extensions", "Monstarlab.Web.Extensions\Monstarlab.Web.Extensions.csproj", "{4A589927-320F-4F1A-9178-D7ED6D9B68C8}"
EndProject
Global
	GlobalSection(SolutionConfigurationPlatforms) = preSolution
		Debug|Any CPU = Debug|Any CPU
		Release|Any CPU = Release|Any CPU
	EndGlobalSection
	GlobalSection(ProjectConfigurationPlatforms) = postSolution
		{ACA39226-5F0A-4D50-9E07-D62DD5AC4F46}.Debug|Any CPU.ActiveCfg = Debug|Any CPU
		{ACA39226-5F0A-4D50-9E07-D62DD5AC4F46}.Debug|Any CPU.Build.0 = Debug|Any CPU
		{ACA39226-5F0A-4D50-9E07-D62DD5AC4F46}.Release|Any CPU.ActiveCfg = Release|Any CPU
		{ACA39226-5F0A-4D50-9E07-D62DD5AC4F46}.Release|Any CPU.Build.0 = Release|Any CPU
		{48CE2026-7104-4F4D-9697-CAFA6C473D40}.Debug|Any CPU.ActiveCfg = Debug|Any CPU
		{48CE2026-7104-4F4D-9697-CAFA6C473D40}.Debug|Any CPU.Build.0 = Debug|Any CPU
		{48CE2026-7104-4F4D-9697-CAFA6C473D40}.Release|Any CPU.ActiveCfg = Release|Any CPU
		{48CE2026-7104-4F4D-9697-CAFA6C473D40}.Release|Any CPU.Build.0 = Release|Any CPU
		{4A589927-320F-4F1A-9178-D7ED6D9B68C8}.Debug|Any CPU.ActiveCfg = Debug|Any CPU
		{4A589927-320F-4F1A-9178-D7ED6D9B68C8}.Debug|Any CPU.Build.0 = Debug|Any CPU
		{4A589927-320F-4F1A-9178-D7ED6D9B68C8}.Release|Any CPU.ActiveCfg = Release|Any CPU
		{4A589927-320F-4F1A-9178-D7ED6D9B68C8}.Release|Any CPU.Build.0 = Release|Any CPU
	EndGlobalSection
	GlobalSection(SolutionProperties) = preSolution
		HideSolutionNode = FALSE
	EndGlobalSection
	GlobalSection(ExtensibilityGlobals) = postSolution
		SolutionGuid = {4D92AE32-40B7-42D3-9C93-7607B0CAB7FF}
	EndGlobalSection
EndGlobal
